
Microsoft Visual Studio Solution File, Format Version 12.00
# Visual Studio Version 17
VisualStudioVersion = 17.11.35327.3
MinimumVisualStudioVersion = 10.0.40219.1
Project("{9A19103F-16F7-4668-BE54-9A1E7A4F7556}") = "heos-remote-systray", "heos-remote-systray\heos-remote-systray.csproj", "{A3E9C060-C0D8-4142-859D-B424E7F516A6}"
EndProject
Project("{9A19103F-16F7-4668-BE54-9A1E7A4F7556}") = "heos-remote-lib", "heos-remote-lib\heos-remote-lib.csproj", "{C4EFDCD4-A3B7-4590-BE4C-6B62F7572D82}"
EndProject
Project("{FAE04EC0-301F-11D3-BF4B-00C04F79EFBC}") = "heos-maui-app", "heos-maui-app\heos-maui-app.csproj", "{C4665DBD-22A3-7058-A50C-E760F35C0075}"
EndProject
Global
	GlobalSection(SolutionConfigurationPlatforms) = preSolution
		Debug|Any CPU = Debug|Any CPU
		Release|Any CPU = Release|Any CPU
	EndGlobalSection
	GlobalSection(ProjectConfigurationPlatforms) = postSolution
		{A3E9C060-C0D8-4142-859D-B424E7F516A6}.Debug|Any CPU.ActiveCfg = Debug|Any CPU
		{A3E9C060-C0D8-4142-859D-B424E7F516A6}.Debug|Any CPU.Build.0 = Debug|Any CPU
		{A3E9C060-C0D8-4142-859D-B424E7F516A6}.Release|Any CPU.ActiveCfg = Release|Any CPU
		{A3E9C060-C0D8-4142-859D-B424E7F516A6}.Release|Any CPU.Build.0 = Release|Any CPU
		{C4EFDCD4-A3B7-4590-BE4C-6B62F7572D82}.Debug|Any CPU.ActiveCfg = Debug|Any CPU
		{C4EFDCD4-A3B7-4590-BE4C-6B62F7572D82}.Debug|Any CPU.Build.0 = Debug|Any CPU
		{C4EFDCD4-A3B7-4590-BE4C-6B62F7572D82}.Release|Any CPU.ActiveCfg = Release|Any CPU
		{C4EFDCD4-A3B7-4590-BE4C-6B62F7572D82}.Release|Any CPU.Build.0 = Release|Any CPU
		{C4665DBD-22A3-7058-A50C-E760F35C0075}.Debug|Any CPU.ActiveCfg = Debug|Any CPU
		{C4665DBD-22A3-7058-A50C-E760F35C0075}.Debug|Any CPU.Build.0 = Debug|Any CPU
		{C4665DBD-22A3-7058-A50C-E760F35C0075}.Release|Any CPU.ActiveCfg = Release|Any CPU
		{C4665DBD-22A3-7058-A50C-E760F35C0075}.Release|Any CPU.Build.0 = Release|Any CPU
	EndGlobalSection
	GlobalSection(SolutionProperties) = preSolution
		HideSolutionNode = FALSE
	EndGlobalSection
	GlobalSection(ExtensibilityGlobals) = postSolution
		SolutionGuid = {2D6B9FEA-92AD-4627-91D3-43D0038E2C35}
	EndGlobalSection
EndGlobal
